
Microsoft Visual Studio Solution File, Format Version 12.00
# Visual Studio Version 17
VisualStudioVersion = 17.3.32825.248
MinimumVisualStudioVersion = 10.0.40219.1
Project("{9A19103F-16F7-4668-BE54-9A1E7A4F7556}") = "{Honor}.ContactManager.UI", "{Honor}.ContactManager.UI\{Honor}.ContactManager.UI.csproj", "{DE2FB2C1-971C-42FB-8849-AB4847F1A743}"
EndProject
Project("{FAE04EC0-301F-11D3-BF4B-00C04F79EFBC}") = "Honor.ContactManager", "Honor.ContactManager\Honor.ContactManager.csproj", "{2CBBEA2F-4D7B-48CE-8C90-B753597118AB}"
EndProject
Global
	GlobalSection(SolutionConfigurationPlatforms) = preSolution
		Debug|Any CPU = Debug|Any CPU
		Release|Any CPU = Release|Any CPU
	EndGlobalSection
	GlobalSection(ProjectConfigurationPlatforms) = postSolution
		{DE2FB2C1-971C-42FB-8849-AB4847F1A743}.Debug|Any CPU.ActiveCfg = Debug|Any CPU
		{DE2FB2C1-971C-42FB-8849-AB4847F1A743}.Debug|Any CPU.Build.0 = Debug|Any CPU
		{DE2FB2C1-971C-42FB-8849-AB4847F1A743}.Release|Any CPU.ActiveCfg = Release|Any CPU
		{DE2FB2C1-971C-42FB-8849-AB4847F1A743}.Release|Any CPU.Build.0 = Release|Any CPU
		{2CBBEA2F-4D7B-48CE-8C90-B753597118AB}.Debug|Any CPU.ActiveCfg = Debug|Any CPU
		{2CBBEA2F-4D7B-48CE-8C90-B753597118AB}.Debug|Any CPU.Build.0 = Debug|Any CPU
		{2CBBEA2F-4D7B-48CE-8C90-B753597118AB}.Release|Any CPU.ActiveCfg = Release|Any CPU
		{2CBBEA2F-4D7B-48CE-8C90-B753597118AB}.Release|Any CPU.Build.0 = Release|Any CPU
	EndGlobalSection
	GlobalSection(SolutionProperties) = preSolution
		HideSolutionNode = FALSE
	EndGlobalSection
	GlobalSection(ExtensibilityGlobals) = postSolution
		SolutionGuid = {20EE4E20-B4BD-402F-8817-239A60494875}
	EndGlobalSection
EndGlobal
