
Microsoft Visual Studio Solution File, Format Version 12.00
# Visual Studio Version 17
VisualStudioVersion = 17.2.32630.192
MinimumVisualStudioVersion = 10.0.40219.1
Project("{FAE04EC0-301F-11D3-BF4B-00C04F79EFBC}") = "MovieLibrary", "MovieLibrary\MovieLibrary.csproj", "{BD9F0387-65B7-4C6C-9A31-11D7EC2B00FD}"
EndProject
Global
	GlobalSection(SolutionConfigurationPlatforms) = preSolution
		Debug|Any CPU = Debug|Any CPU
		Release|Any CPU = Release|Any CPU
	EndGlobalSection
	GlobalSection(ProjectConfigurationPlatforms) = postSolution
		{BD9F0387-65B7-4C6C-9A31-11D7EC2B00FD}.Debug|Any CPU.ActiveCfg = Debug|Any CPU
		{BD9F0387-65B7-4C6C-9A31-11D7EC2B00FD}.Debug|Any CPU.Build.0 = Debug|Any CPU
		{BD9F0387-65B7-4C6C-9A31-11D7EC2B00FD}.Release|Any CPU.ActiveCfg = Release|Any CPU
		{BD9F0387-65B7-4C6C-9A31-11D7EC2B00FD}.Release|Any CPU.Build.0 = Release|Any CPU
	EndGlobalSection
	GlobalSection(SolutionProperties) = preSolution
		HideSolutionNode = FALSE
	EndGlobalSection
	GlobalSection(ExtensibilityGlobals) = postSolution
		SolutionGuid = {5DD5168E-DD40-4E66-9274-6AA7E25AD826}
	EndGlobalSection
EndGlobal
